
Microsoft Visual Studio Solution File, Format Version 12.00
# Visual Studio Version 16
VisualStudioVersion = 16.0.29411.108
MinimumVisualStudioVersion = 10.0.40219.1
Project("{9A19103F-16F7-4668-BE54-9A1E7A4F7556}") = "UBS.EmployeeData.Abstraction", "UBS.EmployeeData.Abstraction\UBS.EmployeeData.Abstraction.csproj", "{F38FC5C4-0AB5-4E4A-81B2-F41BAA6D9B30}"
EndProject
Project("{9A19103F-16F7-4668-BE54-9A1E7A4F7556}") = "UBS.EmployeeData.Persistence", "UBS.EmployeeData.Persistence\UBS.EmployeeData.Persistence.csproj", "{8999C26E-3BAC-4C80-88BA-6ECE240FB7CB}"
EndProject
Project("{9A19103F-16F7-4668-BE54-9A1E7A4F7556}") = "UBS.EmployeeData", "UBS.EmployeeData\UBS.EmployeeData.csproj", "{45A69962-A9E1-4DF1-A213-0AE729EAA4B4}"
EndProject
Project("{9A19103F-16F7-4668-BE54-9A1E7A4F7556}") = "UBS.EmployeeData.Api", "UBS.EmployeeData.Api\UBS.EmployeeData.Api.csproj", "{D0D6824B-57FE-4E5A-8E4F-4D10C2560B1D}"
EndProject
Project("{2150E333-8FDC-42A3-9474-1A3956D46DE8}") = "Src", "Src", "{8D4EF8AC-963C-4D58-B966-B929EA9D25F7}"
EndProject
Global
	GlobalSection(SolutionConfigurationPlatforms) = preSolution
		Debug|Any CPU = Debug|Any CPU
		Release|Any CPU = Release|Any CPU
	EndGlobalSection
	GlobalSection(ProjectConfigurationPlatforms) = postSolution
		{F38FC5C4-0AB5-4E4A-81B2-F41BAA6D9B30}.Debug|Any CPU.ActiveCfg = Debug|Any CPU
		{F38FC5C4-0AB5-4E4A-81B2-F41BAA6D9B30}.Debug|Any CPU.Build.0 = Debug|Any CPU
		{F38FC5C4-0AB5-4E4A-81B2-F41BAA6D9B30}.Release|Any CPU.ActiveCfg = Release|Any CPU
		{F38FC5C4-0AB5-4E4A-81B2-F41BAA6D9B30}.Release|Any CPU.Build.0 = Release|Any CPU
		{8999C26E-3BAC-4C80-88BA-6ECE240FB7CB}.Debug|Any CPU.ActiveCfg = Debug|Any CPU
		{8999C26E-3BAC-4C80-88BA-6ECE240FB7CB}.Debug|Any CPU.Build.0 = Debug|Any CPU
		{8999C26E-3BAC-4C80-88BA-6ECE240FB7CB}.Release|Any CPU.ActiveCfg = Release|Any CPU
		{8999C26E-3BAC-4C80-88BA-6ECE240FB7CB}.Release|Any CPU.Build.0 = Release|Any CPU
		{45A69962-A9E1-4DF1-A213-0AE729EAA4B4}.Debug|Any CPU.ActiveCfg = Debug|Any CPU
		{45A69962-A9E1-4DF1-A213-0AE729EAA4B4}.Debug|Any CPU.Build.0 = Debug|Any CPU
		{45A69962-A9E1-4DF1-A213-0AE729EAA4B4}.Release|Any CPU.ActiveCfg = Release|Any CPU
		{45A69962-A9E1-4DF1-A213-0AE729EAA4B4}.Release|Any CPU.Build.0 = Release|Any CPU
		{D0D6824B-57FE-4E5A-8E4F-4D10C2560B1D}.Debug|Any CPU.ActiveCfg = Debug|Any CPU
		{D0D6824B-57FE-4E5A-8E4F-4D10C2560B1D}.Debug|Any CPU.Build.0 = Debug|Any CPU
		{D0D6824B-57FE-4E5A-8E4F-4D10C2560B1D}.Release|Any CPU.ActiveCfg = Release|Any CPU
		{D0D6824B-57FE-4E5A-8E4F-4D10C2560B1D}.Release|Any CPU.Build.0 = Release|Any CPU
	EndGlobalSection
	GlobalSection(SolutionProperties) = preSolution
		HideSolutionNode = FALSE
	EndGlobalSection
	GlobalSection(NestedProjects) = preSolution
		{F38FC5C4-0AB5-4E4A-81B2-F41BAA6D9B30} = {8D4EF8AC-963C-4D58-B966-B929EA9D25F7}
		{8999C26E-3BAC-4C80-88BA-6ECE240FB7CB} = {8D4EF8AC-963C-4D58-B966-B929EA9D25F7}
		{45A69962-A9E1-4DF1-A213-0AE729EAA4B4} = {8D4EF8AC-963C-4D58-B966-B929EA9D25F7}
		{D0D6824B-57FE-4E5A-8E4F-4D10C2560B1D} = {8D4EF8AC-963C-4D58-B966-B929EA9D25F7}
	EndGlobalSection
	GlobalSection(ExtensibilityGlobals) = postSolution
		SolutionGuid = {D89A9E9D-879A-4BAB-BE65-A6E86D4CCABB}
	EndGlobalSection
EndGlobal
